
Microsoft Visual Studio Solution File, Format Version 12.00
# Visual Studio Version 17
VisualStudioVersion = 17.8.34322.80
MinimumVisualStudioVersion = 10.0.40219.1
Project("{FAE04EC0-301F-11D3-BF4B-00C04F79EFBC}") = "practica-graphql.domain", "practica-graphql.domain\practica-graphql.domain.csproj", "{C9C7B357-6632-4889-BC79-7C48D31791D3}"
EndProject
Project("{FAE04EC0-301F-11D3-BF4B-00C04F79EFBC}") = "practica-graphql.infraestructure", "practica-graphql.infraestructure\practica-graphql.infraestructure.csproj", "{B40985D7-A6A7-48D8-9D34-D94A4470FB63}"
EndProject
Project("{FAE04EC0-301F-11D3-BF4B-00C04F79EFBC}") = "practica-graphql.unittest", "practica-graphql.unittest\practica-graphql.unittest.csproj", "{027BCB2C-2F52-4100-99FD-78DD0DABB8BA}"
EndProject
Global
	GlobalSection(SolutionConfigurationPlatforms) = preSolution
		Debug|Any CPU = Debug|Any CPU
		Release|Any CPU = Release|Any CPU
	EndGlobalSection
	GlobalSection(ProjectConfigurationPlatforms) = postSolution
		{C9C7B357-6632-4889-BC79-7C48D31791D3}.Debug|Any CPU.ActiveCfg = Debug|Any CPU
		{C9C7B357-6632-4889-BC79-7C48D31791D3}.Debug|Any CPU.Build.0 = Debug|Any CPU
		{C9C7B357-6632-4889-BC79-7C48D31791D3}.Release|Any CPU.ActiveCfg = Release|Any CPU
		{C9C7B357-6632-4889-BC79-7C48D31791D3}.Release|Any CPU.Build.0 = Release|Any CPU
		{B40985D7-A6A7-48D8-9D34-D94A4470FB63}.Debug|Any CPU.ActiveCfg = Debug|Any CPU
		{B40985D7-A6A7-48D8-9D34-D94A4470FB63}.Debug|Any CPU.Build.0 = Debug|Any CPU
		{B40985D7-A6A7-48D8-9D34-D94A4470FB63}.Release|Any CPU.ActiveCfg = Release|Any CPU
		{B40985D7-A6A7-48D8-9D34-D94A4470FB63}.Release|Any CPU.Build.0 = Release|Any CPU
		{027BCB2C-2F52-4100-99FD-78DD0DABB8BA}.Debug|Any CPU.ActiveCfg = Debug|Any CPU
		{027BCB2C-2F52-4100-99FD-78DD0DABB8BA}.Debug|Any CPU.Build.0 = Debug|Any CPU
		{027BCB2C-2F52-4100-99FD-78DD0DABB8BA}.Release|Any CPU.ActiveCfg = Release|Any CPU
		{027BCB2C-2F52-4100-99FD-78DD0DABB8BA}.Release|Any CPU.Build.0 = Release|Any CPU
	EndGlobalSection
	GlobalSection(SolutionProperties) = preSolution
		HideSolutionNode = FALSE
	EndGlobalSection
	GlobalSection(ExtensibilityGlobals) = postSolution
		SolutionGuid = {CE0E587E-7995-4945-968D-C76B34B5729D}
	EndGlobalSection
EndGlobal
